
Microsoft Visual Studio Solution File, Format Version 12.00
# Visual Studio Version 17
VisualStudioVersion = 17.0.32014.148
MinimumVisualStudioVersion = 10.0.40219.1
Project("{2150E333-8FDC-42A3-9474-1A3956D46DE8}") = "2 - Domain", "2 - Domain", "{EDAAE3DE-F3F3-4BB2-96B2-9F99A65A1213}"
EndProject
Project("{2150E333-8FDC-42A3-9474-1A3956D46DE8}") = "1 - Application", "1 - Application", "{BD7E97B2-51AD-4982-83CE-931A8059A5EC}"
EndProject
Project("{2150E333-8FDC-42A3-9474-1A3956D46DE8}") = "3 - Infra", "3 - Infra", "{1477995A-423C-47C8-92B6-A9E1E0AEDD54}"
EndProject
Project("{9A19103F-16F7-4668-BE54-9A1E7A4F7556}") = "RabbitMQ.Infra.Crosscutting", "RabbitMQ.Infra.Crosscutting\RabbitMQ.Infra.Crosscutting.csproj", "{BBC5085F-4A5F-473F-A712-21C6397B92F5}"
EndProject
Project("{9A19103F-16F7-4668-BE54-9A1E7A4F7556}") = "RabbitMQ.Domain.Core", "RabbitMQ.Domain.Core\RabbitMQ.Domain.Core.csproj", "{E6E319BB-7E2C-4780-BE5C-9D79B0188C5C}"
EndProject
Project("{9A19103F-16F7-4668-BE54-9A1E7A4F7556}") = "RabbitMQ.Domain", "RabbitMQ.Domain\RabbitMQ.Domain.csproj", "{73271466-D0D9-4101-B6AB-CD2704B8D329}"
EndProject
Project("{9A19103F-16F7-4668-BE54-9A1E7A4F7556}") = "RabbitMQ.Infra.Data", "RabbitMQ.Infra.Data\RabbitMQ.Infra.Data.csproj", "{101F2A2C-CD22-45CA-9765-99DEAA500F7A}"
EndProject
Project("{2150E333-8FDC-42A3-9474-1A3956D46DE8}") = "1.1 - Publishers", "1.1 - Publishers", "{CC7125AE-8723-4FEB-A6F9-1095498C6008}"
EndProject
Project("{2150E333-8FDC-42A3-9474-1A3956D46DE8}") = "1.2 - Consumers", "1.2 - Consumers", "{DF8FEEE3-64E0-4F90-8A42-8E9791266CEA}"
EndProject
Project("{9A19103F-16F7-4668-BE54-9A1E7A4F7556}") = "RabbitMQ.ConsumerPayments", "RabbitMQ.ConsumerPayments\RabbitMQ.ConsumerPayments.csproj", "{44A7ABE7-DF37-4E5C-917F-0A2F3CD78278}"
EndProject
Project("{9A19103F-16F7-4668-BE54-9A1E7A4F7556}") = "RabbitMQ.ConsumerReversals", "RabbitMQ.ConsumerReversals\RabbitMQ.ConsumerReversals.csproj", "{C61B1C03-CC9D-4ACB-9A10-6D053E891EB0}"
EndProject
Project("{9A19103F-16F7-4668-BE54-9A1E7A4F7556}") = "RabbitMQ.PublisherPayments", "RabbitMQ.PublisherPayments\RabbitMQ.PublisherPayments.csproj", "{8E5FF25D-A152-4FEA-9449-DAF963F9F36B}"
EndProject
Project("{9A19103F-16F7-4668-BE54-9A1E7A4F7556}") = "RabbitMQ.PublisherReversals", "RabbitMQ.PublisherReversals\RabbitMQ.PublisherReversals.csproj", "{D3366A88-328A-4D1A-AF4B-C84681313587}"
EndProject
Project("{9A19103F-16F7-4668-BE54-9A1E7A4F7556}") = "RabbitMQ.PublisherEmails", "RabbitMQ.PublisherEmails\RabbitMQ.PublisherEmails.csproj", "{CDAEC215-41F0-49ED-815E-4F174BB3592D}"
EndProject
Project("{9A19103F-16F7-4668-BE54-9A1E7A4F7556}") = "RabbitMQ.ConsumerEmails", "RabbitMQ.ConsumerEmails\RabbitMQ.ConsumerEmails.csproj", "{6DAD35BC-A9F2-4525-B224-10583375CD6C}"
EndProject
Global
	GlobalSection(SolutionConfigurationPlatforms) = preSolution
		Debug|Any CPU = Debug|Any CPU
		Release|Any CPU = Release|Any CPU
	EndGlobalSection
	GlobalSection(ProjectConfigurationPlatforms) = postSolution
		{BBC5085F-4A5F-473F-A712-21C6397B92F5}.Debug|Any CPU.ActiveCfg = Debug|Any CPU
		{BBC5085F-4A5F-473F-A712-21C6397B92F5}.Debug|Any CPU.Build.0 = Debug|Any CPU
		{BBC5085F-4A5F-473F-A712-21C6397B92F5}.Release|Any CPU.ActiveCfg = Release|Any CPU
		{BBC5085F-4A5F-473F-A712-21C6397B92F5}.Release|Any CPU.Build.0 = Release|Any CPU
		{E6E319BB-7E2C-4780-BE5C-9D79B0188C5C}.Debug|Any CPU.ActiveCfg = Debug|Any CPU
		{E6E319BB-7E2C-4780-BE5C-9D79B0188C5C}.Debug|Any CPU.Build.0 = Debug|Any CPU
		{E6E319BB-7E2C-4780-BE5C-9D79B0188C5C}.Release|Any CPU.ActiveCfg = Release|Any CPU
		{E6E319BB-7E2C-4780-BE5C-9D79B0188C5C}.Release|Any CPU.Build.0 = Release|Any CPU
		{73271466-D0D9-4101-B6AB-CD2704B8D329}.Debug|Any CPU.ActiveCfg = Debug|Any CPU
		{73271466-D0D9-4101-B6AB-CD2704B8D329}.Debug|Any CPU.Build.0 = Debug|Any CPU
		{73271466-D0D9-4101-B6AB-CD2704B8D329}.Release|Any CPU.ActiveCfg = Release|Any CPU
		{73271466-D0D9-4101-B6AB-CD2704B8D329}.Release|Any CPU.Build.0 = Release|Any CPU
		{101F2A2C-CD22-45CA-9765-99DEAA500F7A}.Debug|Any CPU.ActiveCfg = Debug|Any CPU
		{101F2A2C-CD22-45CA-9765-99DEAA500F7A}.Debug|Any CPU.Build.0 = Debug|Any CPU
		{101F2A2C-CD22-45CA-9765-99DEAA500F7A}.Release|Any CPU.ActiveCfg = Release|Any CPU
		{101F2A2C-CD22-45CA-9765-99DEAA500F7A}.Release|Any CPU.Build.0 = Release|Any CPU
		{44A7ABE7-DF37-4E5C-917F-0A2F3CD78278}.Debug|Any CPU.ActiveCfg = Debug|Any CPU
		{44A7ABE7-DF37-4E5C-917F-0A2F3CD78278}.Debug|Any CPU.Build.0 = Debug|Any CPU
		{44A7ABE7-DF37-4E5C-917F-0A2F3CD78278}.Release|Any CPU.ActiveCfg = Release|Any CPU
		{44A7ABE7-DF37-4E5C-917F-0A2F3CD78278}.Release|Any CPU.Build.0 = Release|Any CPU
		{C61B1C03-CC9D-4ACB-9A10-6D053E891EB0}.Debug|Any CPU.ActiveCfg = Debug|Any CPU
		{C61B1C03-CC9D-4ACB-9A10-6D053E891EB0}.Debug|Any CPU.Build.0 = Debug|Any CPU
		{C61B1C03-CC9D-4ACB-9A10-6D053E891EB0}.Release|Any CPU.ActiveCfg = Release|Any CPU
		{C61B1C03-CC9D-4ACB-9A10-6D053E891EB0}.Release|Any CPU.Build.0 = Release|Any CPU
		{8E5FF25D-A152-4FEA-9449-DAF963F9F36B}.Debug|Any CPU.ActiveCfg = Debug|Any CPU
		{8E5FF25D-A152-4FEA-9449-DAF963F9F36B}.Debug|Any CPU.Build.0 = Debug|Any CPU
		{8E5FF25D-A152-4FEA-9449-DAF963F9F36B}.Release|Any CPU.ActiveCfg = Release|Any CPU
		{8E5FF25D-A152-4FEA-9449-DAF963F9F36B}.Release|Any CPU.Build.0 = Release|Any CPU
		{D3366A88-328A-4D1A-AF4B-C84681313587}.Debug|Any CPU.ActiveCfg = Debug|Any CPU
		{D3366A88-328A-4D1A-AF4B-C84681313587}.Debug|Any CPU.Build.0 = Debug|Any CPU
		{D3366A88-328A-4D1A-AF4B-C84681313587}.Release|Any CPU.ActiveCfg = Release|Any CPU
		{D3366A88-328A-4D1A-AF4B-C84681313587}.Release|Any CPU.Build.0 = Release|Any CPU
		{CDAEC215-41F0-49ED-815E-4F174BB3592D}.Debug|Any CPU.ActiveCfg = Debug|Any CPU
		{CDAEC215-41F0-49ED-815E-4F174BB3592D}.Debug|Any CPU.Build.0 = Debug|Any CPU
		{CDAEC215-41F0-49ED-815E-4F174BB3592D}.Release|Any CPU.ActiveCfg = Release|Any CPU
		{CDAEC215-41F0-49ED-815E-4F174BB3592D}.Release|Any CPU.Build.0 = Release|Any CPU
		{6DAD35BC-A9F2-4525-B224-10583375CD6C}.Debug|Any CPU.ActiveCfg = Debug|Any CPU
		{6DAD35BC-A9F2-4525-B224-10583375CD6C}.Debug|Any CPU.Build.0 = Debug|Any CPU
		{6DAD35BC-A9F2-4525-B224-10583375CD6C}.Release|Any CPU.ActiveCfg = Release|Any CPU
		{6DAD35BC-A9F2-4525-B224-10583375CD6C}.Release|Any CPU.Build.0 = Release|Any CPU
	EndGlobalSection
	GlobalSection(SolutionProperties) = preSolution
		HideSolutionNode = FALSE
	EndGlobalSection
	GlobalSection(NestedProjects) = preSolution
		{BBC5085F-4A5F-473F-A712-21C6397B92F5} = {1477995A-423C-47C8-92B6-A9E1E0AEDD54}
		{E6E319BB-7E2C-4780-BE5C-9D79B0188C5C} = {EDAAE3DE-F3F3-4BB2-96B2-9F99A65A1213}
		{73271466-D0D9-4101-B6AB-CD2704B8D329} = {EDAAE3DE-F3F3-4BB2-96B2-9F99A65A1213}
		{101F2A2C-CD22-45CA-9765-99DEAA500F7A} = {1477995A-423C-47C8-92B6-A9E1E0AEDD54}
		{CC7125AE-8723-4FEB-A6F9-1095498C6008} = {BD7E97B2-51AD-4982-83CE-931A8059A5EC}
		{DF8FEEE3-64E0-4F90-8A42-8E9791266CEA} = {BD7E97B2-51AD-4982-83CE-931A8059A5EC}
		{44A7ABE7-DF37-4E5C-917F-0A2F3CD78278} = {DF8FEEE3-64E0-4F90-8A42-8E9791266CEA}
		{C61B1C03-CC9D-4ACB-9A10-6D053E891EB0} = {DF8FEEE3-64E0-4F90-8A42-8E9791266CEA}
		{8E5FF25D-A152-4FEA-9449-DAF963F9F36B} = {CC7125AE-8723-4FEB-A6F9-1095498C6008}
		{D3366A88-328A-4D1A-AF4B-C84681313587} = {CC7125AE-8723-4FEB-A6F9-1095498C6008}
		{CDAEC215-41F0-49ED-815E-4F174BB3592D} = {CC7125AE-8723-4FEB-A6F9-1095498C6008}
		{6DAD35BC-A9F2-4525-B224-10583375CD6C} = {DF8FEEE3-64E0-4F90-8A42-8E9791266CEA}
	EndGlobalSection
	GlobalSection(ExtensibilityGlobals) = postSolution
		SolutionGuid = {03F884EA-962F-4EC6-9946-5CE1EE9F07A5}
	EndGlobalSection
EndGlobal
